# This file is autogenerated, do not edit; changes may be undone by the next 'dep ensure'.


[[projects]]
  digest = "1:705c40022f5c03bf96ffeb6477858d88565064485a513abcd0f11a0911546cb6"
  name = "github.com/blang/semver"
  packages = ["."]
  pruneopts = "UT"
  revision = "2ee87856327ba09384cabd113bc6b5d174e9ec0f"
  version = "v3.5.1"

[[projects]]
  digest = "1:db8e2f3c8cc717afe53c6941776312bd7046d45d9fb757c5f3f32fd3cc46562d"
  name = "github.com/codeclysm/extract"
  packages = ["."]
  pruneopts = "UT"
  revision = "de8493db4b3e06921c3ee97fa0b200435a8a796d"
  version = "v2.0.0"

[[projects]]
  branch = "master"
  digest = "1:210dd3b6f30ebc5ff2e0b4795b5141ee4578c29b38df0326fb140863d45c01fa"
  name = "github.com/creack/goselect"
  packages = ["."]
  pruneopts = "UT"
  revision = "58854f77ee8d858ce751b0a9bcc5533fef7bfa9e"

[[projects]]
  digest = "1:ffe9824d294da03b391f44e1ae8281281b4afc1bdaa9588c9097785e3af10cec"
  name = "github.com/davecgh/go-spew"
  packages = ["spew"]
  pruneopts = "UT"
  revision = "8991bc29aa16c548c550c7ff78260e27b9ab7c73"
  version = "v1.1.1"

[[projects]]
  digest = "1:ce303e1d83a733bda89c5bad61fcf7e86b9f68b97bf783509192090ddd3919cb"
  name = "github.com/davidmz/go-pageant"
  packages = ["."]
  pruneopts = "UT"
  revision = "30ad2d03e9fe97a029a6a6dc87bff319e0bb6bc4"
  version = "v1.0.1"

[[projects]]
  branch = "master"
  digest = "1:376e5a9fdb57657725ff19b4c510c3f5e1f804ab4ab0ff3064d8f4dc01e40fe2"
  name = "github.com/dimfeld/httppath"
  packages = ["."]
  pruneopts = "UT"
  revision = "ee938bf735983d53694d79138ad9820efff94c92"

[[projects]]
  digest = "1:09d3ceb4456b0b463c5730198a9138e383089b27c0c10b1032789a0618a6dfe6"
  name = "github.com/dimfeld/httptreemux"
  packages = ["."]
  pruneopts = "UT"
  revision = "a454a10de4a11f751681a0914461ab9e98c2a3ff"
  version = "5.0.2"

[[projects]]
  branch = "master"
  digest = "1:8df8718256c87ae7984cbfa1304b9efdd8b5952dcb94a8a51cfe9d61f08785ee"
  name = "github.com/facchinm/systray"
  packages = ["."]
  pruneopts = "UT"
  revision = "b32308b0b662e45cde7c5986bc29def5d48bafbb"

[[projects]]
  branch = "master"
  digest = "1:c3c09c0f941175181747b2d6948fd1add3ba82e66215aae78ec9b44d97d8ed40"
  name = "github.com/getlantern/context"
  packages = ["."]
  pruneopts = "UT"
  revision = "539649cc311886ee3604204cfab46f72b5f40950"

[[projects]]
  branch = "master"
  digest = "1:56460acc7affba18fa344130886a6f841988d1368a051759d2e0c03ef6255f54"
  name = "github.com/getlantern/errors"
  packages = ["."]
  pruneopts = "UT"
  revision = "e24b7f4ff7c70be59bbefca6b7695d68cda8b399"

[[projects]]
  branch = "master"
  digest = "1:99c1c515274e6c3ead7bf68dcc77f56131d0f937adeb6808ba86e0911adfdda7"
  name = "github.com/getlantern/filepersist"
  packages = ["."]
  pruneopts = "UT"
  revision = "c5f0cd24e7991579ba6f5f1bd20a1ad2c9f06cd4"

[[projects]]
  branch = "master"
  digest = "1:128515bf48085482f3b1269701a0be1b119087447d8f666a27211bdacf0b5dc9"
  name = "github.com/getlantern/golog"
  packages = ["."]
  pruneopts = "UT"
  revision = "cca714f7feb5df8e455f409b549d384441ac4578"

[[projects]]
  branch = "master"
  digest = "1:f12c7103ba4c446c6822f331ada3e5f0c3626be111a115e92700cd2724bca9ed"
  name = "github.com/getlantern/hex"
  packages = ["."]
  pruneopts = "UT"
  revision = "083fba3033ad473db3dd31c9bb368473d37581a7"

[[projects]]
  branch = "master"
  digest = "1:916634881c70eb3c2201419786896254d601a786a9124e662a079d4649df160d"
  name = "github.com/getlantern/hidden"
  packages = ["."]
  pruneopts = "UT"
  revision = "d52a649ab33af200943bb599898dbdcfdbc94cb7"

[[projects]]
  branch = "master"
  digest = "1:f84e2692edf40301ae0ce718695cde032f5c6964e4fad812749eb1eaefa95785"
  name = "github.com/getlantern/ops"
  packages = ["."]
  pruneopts = "UT"
  revision = "37353306c90844c8e0591956f56611f46299d202"

[[projects]]
  branch = "master"
  digest = "1:36fe9527deed01d2a317617e59304eb2c4ce9f8a24115bcc5c2e37b3aee5bae4"
  name = "github.com/gin-contrib/sse"
  packages = ["."]
  pruneopts = "UT"
  revision = "22d885f9ecc78bf4ee5d72b937e4bbcdc58e8cae"

[[projects]]
  digest = "1:d5083934eb25e45d17f72ffa86cae3814f4a9d6c073c4f16b64147169b245606"
  name = "github.com/gin-gonic/gin"
  packages = [
    ".",
    "binding",
    "json",
    "render",
  ]
  pruneopts = "UT"
  revision = "b869fe1415e4b9eb52f247441830d502aece2d4d"
  version = "v1.3.0"

[[projects]]
  digest = "1:15e27372d379b45b18ac917b9dafc45c45485239490ece18cca97a12f9591146"
  name = "github.com/go-ini/ini"
  packages = ["."]
  pruneopts = "UT"
  revision = "9c8236e659b76e87bf02044d06fde8683008ff3e"
  version = "v1.39.0"

[[projects]]
  digest = "1:64a5a67c69b70c2420e607a8545d674a23778ed9c3e80607bfd17b77c6c87f6a"
  name = "github.com/go-ole/go-ole"
  packages = [
    ".",
    "oleutil",
  ]
  pruneopts = "UT"
  revision = "a41e3c4b706f6ae8dfbff342b06e40fa4d2d0506"
  version = "v1.2.1"

[[projects]]
  digest = "1:586ea76dbd0374d6fb649a91d70d652b7fe0ccffb8910a77468e7702e7901f3d"
  name = "github.com/go-stack/stack"
  packages = ["."]
  pruneopts = "UT"
  revision = "2fee6af1a9795aafbe0253a0cfbdf668e1fb8a9a"
  version = "v1.8.0"

[[projects]]
  digest = "1:6ba96a683441984156b05568b9d31dbc846d3336d21ac220fcc819a367dc1f65"
  name = "github.com/golang/protobuf"
  packages = ["proto"]
  pruneopts = "UT"
  revision = "5a0f697c9ed9d68fef0116532c6e05cfeae00e55"

[[projects]]
  branch = "master"
  digest = "1:324591cd9122f94cc39a87bd44ec71153672c239e2cff5743bfad96b60be3749"
  name = "github.com/googollee/go-engine.io"
  packages = [
    ".",
    "message",
    "parser",
    "polling",
    "transport",
    "websocket",
  ]
  pruneopts = "UT"
  revision = "e2f255711dcb2ea41e42c6d9d98c172d7edf6509"

[[projects]]
  branch = "master"
  digest = "1:3eb026ba34d6dd12b45bb6abd63b4e917ebca8d8f3022a139c0881d900ad1bee"
  name = "github.com/googollee/go-socket.io"
  packages = ["."]
  pruneopts = "UT"
  revision = "c8aeb1ed9b49d7de8fef8662efb18f1d289c5f2e"

[[projects]]
  digest = "1:7b5c6e2eeaa9ae5907c391a91c132abfd5c9e8a784a341b5625e750c67e6825d"
  name = "github.com/gorilla/websocket"
  packages = ["."]
  pruneopts = "UT"
  revision = "66b9c49e59c6c48f0ffce28c2d8b8a5678502c6d"
  version = "v1.4.0"

[[projects]]
  digest = "1:a3986520f4fa5d398a1407186b1d53e3d56825033dc70c681bd05ca6f47e7c4b"
  name = "github.com/itsjamie/gin-cors"
  packages = ["."]
  pruneopts = "UT"
  revision = "97b4a9da79331dfa2b6d35f4cdd1e50f5148859c"
  version = "1.0.0"

[[projects]]
  digest = "1:be97e109f627d3ba8edfef50c9c74f0d0c17cbe3a2e924a8985e4804a894f282"
  name = "github.com/json-iterator/go"
  packages = ["."]
  pruneopts = "UT"
  revision = "36b14963da70d11297d313183d7e6388c8510e1e"
  version = "1.0.0"

[[projects]]
  branch = "master"
  digest = "1:7d1a655e1f16ccaf1adb026bdeece28499ecb0ead32d32accc6ed6f2c40cacee"
  name = "github.com/juju/errors"
  packages = ["."]
  pruneopts = "UT"
  revision = "089d3ea4e4d597bd98acac068193d341983326a3"

[[projects]]
  branch = "master"
  digest = "1:caf6db28595425c0e0f2301a00257d11712f65c1878e12cffc42f6b9a9cf3f23"
  name = "github.com/kardianos/osext"
  packages = ["."]
  pruneopts = "UT"
  revision = "ae77be60afb1dcacde03767a8c37337fad28ac14"

[[projects]]
  digest = "1:0a69a1c0db3591fcefb47f115b224592c8dfa4368b7ba9fae509d5e16cdc95c8"
  name = "github.com/konsorten/go-windows-terminal-sequences"
  packages = ["."]
  pruneopts = "UT"
  revision = "5c8c8bd35d3832f5d134ae1e1e375b69a4d25242"
  version = "v1.0.1"

[[projects]]
  digest = "1:7ad278b575635babef38e4ad4219500c299a58ea14b30eb21383d0efca00b369"
  name = "github.com/kr/binarydist"
  packages = ["."]
  pruneopts = "UT"
  revision = "88f551ae580780cc79d12ab4c218ba1ca346b83a"
  version = "v0.1.0"

[[projects]]
  digest = "1:9cedee824c21326bd26950bd9e1ffe9dc4e7ca03dc8634d0e6f954ee6a383172"
  name = "github.com/kr/fs"
  packages = ["."]
  pruneopts = "UT"
  revision = "1455def202f6e05b95cc7bfc7e8ae67ae5141eba"
  version = "v0.1.0"

[[projects]]
  branch = "master"
  digest = "1:393f23e872c9141dbe315c428dc3eac9406f029be7ab0e1cae2374486c07aa54"
  name = "github.com/manveru/faker"
  packages = ["."]
  pruneopts = "UT"
  revision = "9fbc68a78c4dbc7914e1a23f88f126bea4383b97"

[[projects]]
  digest = "1:fa610f9fe6a93f4a75e64c83673dfff9bf1a34bbb21e6102021b6bc7850834a3"
  name = "github.com/mattn/go-isatty"
  packages = ["."]
  pruneopts = "UT"
  revision = "57fdcb988a5c543893cc61bce354a6e24ab70022"

[[projects]]
  digest = "1:7efe48dea4db6b35dcc15e15394b627247e5b3fb814242de986b746ba8e0abf0"
  name = "github.com/mattn/go-shellwords"
  packages = ["."]
  pruneopts = "UT"
  revision = "02e3cf038dcea8290e44424da473dd12be796a8a"
  version = "v1.0.3"

[[projects]]
  digest = "1:b20d8767957e40b9302a8caaee88caa698513fbd972509a54555302c3aebfa04"
  name = "github.com/miekg/dns"
  packages = ["."]
  pruneopts = "UT"
  revision = "7064f7248f5fa5fd79382a76328b4e200b79e4ae"
  version = "v1.0.15"

[[projects]]
  digest = "1:78bbb1ba5b7c3f2ed0ea1eab57bdd3859aec7e177811563edc41198a760b06af"
  name = "github.com/mitchellh/go-homedir"
  packages = ["."]
  pruneopts = "UT"
  revision = "ae18d6b8b3205b561c79e8e5f69bff09736185f4"
  version = "v1.0.0"

[[projects]]
  branch = "master"
  digest = "1:1a0539f293ad62dd34cce1c5cc11b0aa2c1c322b2352682e22ecf5aecaf4a8bd"
  name = "github.com/oleksandr/bonjour"
  packages = ["."]
  pruneopts = "UT"
  revision = "5dcf00d8b228be86307f952f550f2191d956b9e2"

[[projects]]
  branch = "master"
  digest = "1:df63a8ddf6fd32f2cdf09db1ada151c8a27f5fe2516ee977b72d6a0707e94910"
  name = "github.com/oxtoacart/bpool"
  packages = ["."]
  pruneopts = "UT"
  revision = "4e1c5567d7c2dd59fa4c7c83d34c2f3528b025d6"

[[projects]]
  digest = "1:40e195917a951a8bf867cd05de2a46aaf1806c50cf92eebf4c16f78cd196f747"
  name = "github.com/pkg/errors"
  packages = ["."]
  pruneopts = "UT"
  revision = "645ef00459ed84a119197bfb8d8205042c6df63d"
  version = "v0.8.0"

[[projects]]
  digest = "1:98c46dbde8c257608669d6827aacb8c8722d6ea7b4ffd7c4d1ea32ead21bfea9"
  name = "github.com/pkg/sftp"
  packages = ["."]
  pruneopts = "UT"
  revision = "08de04f133f27844173471167014e1a753655ac8"
  version = "v1.8.3"

[[projects]]
  digest = "1:0028cb19b2e4c3112225cd871870f2d9cf49b9b4276531f03438a88e94be86fe"
  name = "github.com/pmezard/go-difflib"
  packages = ["difflib"]
  pruneopts = "UT"
  revision = "792786c7400a136282c1664665ae0a8db921c6c2"
  version = "v1.0.0"

[[projects]]
  digest = "1:d917313f309bda80d27274d53985bc65651f81a5b66b820749ac7f8ef061fd04"
  name = "github.com/sergi/go-diff"
  packages = ["diffmatchpatch"]
  pruneopts = "UT"
  revision = "1744e2970ca51c86172c8190fadad617561ed6e7"
  version = "v1.0.0"

[[projects]]
  branch = "master"
  digest = "1:e244ec9ef8a91f5d0f640c4d14db6d65938182bb976c07f01f0f6e8f4605c4e9"
  name = "github.com/sfreiberg/simplessh"
  packages = ["."]
  pruneopts = "UT"
  revision = "495cbb862a9c6348e0fff479ed1e7b70c871b372"

[[projects]]
  digest = "1:69b1cc331fca23d702bd72f860c6a647afd0aa9fcbc1d0659b1365e26546dd70"
  name = "github.com/sirupsen/logrus"
  packages = ["."]
  pruneopts = "UT"
  revision = "bcd833dfe83d3cebad139e4a29ed79cb2318bf95"
  version = "v1.2.0"

[[projects]]
  branch = "master"
  digest = "1:39853e1ae46a02816e2419e1f590e00682b1a6b60bb988597cf2efb84314da45"
  name = "github.com/skratchdot/open-golang"
  packages = ["open"]
  pruneopts = "UT"
  revision = "75fb7ed4208cf72d323d7d02fd1a5964a7a9073c"

[[projects]]
  digest = "1:18752d0b95816a1b777505a97f71c7467a8445b8ffb55631a7bf779f6ba4fa83"
  name = "github.com/stretchr/testify"
  packages = ["assert"]
  pruneopts = "UT"
  revision = "f35b8ab0b5a2cef36673838d662e249dd9c94686"
  version = "v1.2.2"

[[projects]]
  digest = "1:c268acaa4a4d94a467980e5e91452eb61c460145765293dc0aed48e5e9919cc6"
  name = "github.com/ugorji/go"
  packages = ["codec"]
  pruneopts = "UT"
  revision = "c88ee250d0221a57af388746f5cf03768c21d6e2"

[[projects]]
  branch = "master"
  digest = "1:85ceb7046447e3f5cf21c621ec137b23eb8d02ae9b585dd5c22d65543a0f3020"
  name = "github.com/xrash/smetrics"
  packages = ["."]
  pruneopts = "UT"
  revision = "a3153f7040e90324c58c6287535e26a0ac5c1cc1"

[[projects]]
  branch = "master"
  digest = "1:6f7f5a5452e6dc8b0665b0fd2b779c3c6b7e70a121e0661aeb03daef7baae58d"
  name = "github.com/zach-klippenstein/goregen"
  packages = ["."]
  pruneopts = "UT"
  revision = "795b5e3961ea1912fde60af417ad85e86acc0d6a"

[[projects]]
  branch = "master"
  digest = "1:975e88bfd9ed90a0e939a9e67ecab0682a28c0b9ed021bd30f469a0b5b4e3739"
  name = "go.bug.st/downloader"
  packages = ["."]
  pruneopts = "UT"
  revision = "9b8976a44d87b5d86444bccc3ed875b2530f45e0"

[[projects]]
  branch = "master"
  digest = "1:49b892f63d6b54df49cc35901eba38acc3c5309f919b40b3d1e2ff859c8108ba"
  name = "go.bug.st/serial.v1"
  packages = [
    ".",
    "enumerator",
    "unixutils",
  ]
  pruneopts = "UT"
  revision = "5f7892a7bb453066bdc6683b9b5d24d9dee03ec1"

[[projects]]
  branch = "master"
  digest = "1:f3f6a6b258e99d130be6d10ab74bf1a8eb25796af7258e85354a0b0602b3e122"
  name = "goa.design/goa"
  packages = [
    ".",
    "codegen",
    "codegen/generator",
    "codegen/server",
    "codegen/service",
    "dsl",
    "eval",
    "expr",
    "grpc/codegen",
    "http",
    "http/codegen",
    "http/codegen/openapi",
    "http/middleware",
    "pkg",
  ]
  pruneopts = "UT"
  revision = "40843d63b0e4f06ef5004d2c526ee64814b24542"

[[projects]]
  branch = "master"
  digest = "1:04c834d4d75b1e3c678ffadb336e4c5f8b58786cb7bd1f3ee19a166d76aa9b56"
  name = "golang.org/x/crypto"
  packages = [
    "cast5",
    "curve25519",
    "ed25519",
    "ed25519/internal/edwards25519",
    "internal/chacha20",
    "internal/subtle",
    "openpgp",
    "openpgp/armor",
    "openpgp/elgamal",
    "openpgp/errors",
    "openpgp/packet",
    "openpgp/s2k",
    "poly1305",
    "ssh",
    "ssh/agent",
    "ssh/terminal",
  ]
  pruneopts = "UT"
  revision = "3d3f9f413869b949e48070b5bc593aa22cc2b8f2"

[[projects]]
  branch = "master"
  digest = "1:223e261c2e2506efad9737b5df18738e3dd0ad05b6d446ec8bcfa3576845183d"
  name = "golang.org/x/net"
  packages = [
    "bpf",
    "internal/iana",
    "internal/socket",
    "ipv4",
    "ipv6",
  ]
  pruneopts = "UT"
  revision = "adae6a3d119ae4890b46832a2e88a95adc62b8e7"

[[projects]]
  branch = "master"
  digest = "1:f343f077a5b0bc3a3788b3a04e24dd417e3e25b2acb529c413e212d2c42416ef"
  name = "golang.org/x/sys"
  packages = [
    "unix",
    "windows",
  ]
  pruneopts = "UT"
  revision = "62eef0e2fa9b2c385f7b2778e763486da6880d37"

[[projects]]
  branch = "master"
  digest = "1:b5cd6adda1381d3b37182aa4a403bca5e69bc7ff6eb412b8618fe38fce3400bd"
  name = "golang.org/x/tools"
  packages = [
    "go/ast/astutil",
    "go/gcexportdata",
    "go/internal/cgo",
    "go/internal/gcimporter",
    "go/internal/packagesdriver",
    "go/packages",
    "go/types/typeutil",
    "imports",
    "internal/fastwalk",
    "internal/gopathwalk",
    "internal/semver",
  ]
  pruneopts = "UT"
  revision = "b258f6da23835bf37e95cc50af792447c7c67fe4"

[[projects]]
  digest = "1:1b4724d3c8125f6044925f02b485b74bfec9905cbf579d95aafd1a6c8f8447d3"
  name = "gopkg.in/go-playground/validator.v8"
  packages = ["."]
  pruneopts = "UT"
  revision = "5f57d2222ad794d0dffb07e664ea05e2ee07d60c"
  version = "v8.18.1"

[[projects]]
  digest = "1:8b1a1e6d3dcef7c542f604f8b9f8013d1d13c3d61f8e9cbe368afa2735c898c2"
  name = "gopkg.in/h2non/filetype.v1"
  packages = [
    ".",
    "matchers",
    "types",
  ]
  pruneopts = "UT"
  revision = "cc14fdc9ca0e4c2bafad7458f6ff79fd3947cfbb"
  version = "v1.0.5"

[[projects]]
  branch = "v0"
  digest = "1:580aa4af38b87e235950c3a09841bb7f9f329e2495ec5d43c42d7f7fb7f5a464"
  name = "gopkg.in/inconshreveable/go-update.v0"
  packages = [
    ".",
    "download",
  ]
  pruneopts = "UT"
  revision = "d8b0b1d421aa1cbf392c05869f8abbc669bb7066"

[[projects]]
  digest = "1:4d2e5a73dc1500038e504a8d78b986630e3626dc027bc030ba5c75da257cdb96"
  name = "gopkg.in/yaml.v2"
  packages = ["."]
  pruneopts = "UT"
  revision = "51d6538a90f86fe93ac480b35f37b2be17fef232"
  version = "v2.2.2"

[solve-meta]
  analyzer-name = "dep"
  analyzer-version = 1
  input-imports = [
    "github.com/blang/semver",
    "github.com/codeclysm/extract",
    "github.com/facchinm/systray",
    "github.com/gin-gonic/gin",
    "github.com/go-ini/ini",
    "github.com/googollee/go-socket.io",
    "github.com/itsjamie/gin-cors",
    "github.com/kardianos/osext",
    "github.com/kr/binarydist",
    "github.com/mattn/go-shellwords",
    "github.com/mitchellh/go-homedir",
    "github.com/oleksandr/bonjour",
    "github.com/pkg/errors",
    "github.com/sfreiberg/simplessh",
    "github.com/sirupsen/logrus",
    "github.com/skratchdot/open-golang/open",
    "github.com/stretchr/testify/assert",
    "github.com/xrash/smetrics",
    "go.bug.st/downloader",
    "go.bug.st/serial.v1",
    "go.bug.st/serial.v1/enumerator",
    "goa.design/goa",
    "goa.design/goa/codegen/generator",
    "goa.design/goa/dsl",
    "goa.design/goa/http",
    "goa.design/goa/http/middleware",
    "golang.org/x/crypto/openpgp",
    "gopkg.in/inconshreveable/go-update.v0",
  ]
  solver-name = "gps-cdcl"
  solver-version = 1
